
Microsoft Visual Studio Solution File, Format Version 12.00
# Visual Studio Version 17
VisualStudioVersion = 17.13.35919.96 d17.13
MinimumVisualStudioVersion = 10.0.40219.1
Project("{FAE04EC0-301F-11D3-BF4B-00C04F79EFBC}") = "ApiBiblioteca", "ApiBiblioteca\ApiBiblioteca.csproj", "{B60929F4-5B47-425F-AAE8-3A505CC4B4EC}"
EndProject
Global
	GlobalSection(SolutionConfigurationPlatforms) = preSolution
		Debug|Any CPU = Debug|Any CPU
		Release|Any CPU = Release|Any CPU
	EndGlobalSection
	GlobalSection(ProjectConfigurationPlatforms) = postSolution
		{B60929F4-5B47-425F-AAE8-3A505CC4B4EC}.Debug|Any CPU.ActiveCfg = Debug|Any CPU
		{B60929F4-5B47-425F-AAE8-3A505CC4B4EC}.Debug|Any CPU.Build.0 = Debug|Any CPU
		{B60929F4-5B47-425F-AAE8-3A505CC4B4EC}.Release|Any CPU.ActiveCfg = Release|Any CPU
		{B60929F4-5B47-425F-AAE8-3A505CC4B4EC}.Release|Any CPU.Build.0 = Release|Any CPU
	EndGlobalSection
	GlobalSection(SolutionProperties) = preSolution
		HideSolutionNode = FALSE
	EndGlobalSection
	GlobalSection(ExtensibilityGlobals) = postSolution
		SolutionGuid = {56685ACA-7AAB-45E0-8703-85DF1D2512A5}
	EndGlobalSection
EndGlobal
